
Microsoft Visual Studio Solution File, Format Version 12.00
# Visual Studio Version 17
VisualStudioVersion = 17.13.35825.156 d17.13
MinimumVisualStudioVersion = 10.0.40219.1
Project("{FAE04EC0-301F-11D3-BF4B-00C04F79EFBC}") = "CyberSecurityChatBot", "CyberSecurityChatBot.csproj", "{BDDCF359-3AF1-4C57-A3AA-2CEA5F7587F2}"
EndProject
Global
	GlobalSection(SolutionConfigurationPlatforms) = preSolution
		Debug|Any CPU = Debug|Any CPU
		Release|Any CPU = Release|Any CPU
	EndGlobalSection
	GlobalSection(ProjectConfigurationPlatforms) = postSolution
		{BDDCF359-3AF1-4C57-A3AA-2CEA5F7587F2}.Debug|Any CPU.ActiveCfg = Debug|Any CPU
		{BDDCF359-3AF1-4C57-A3AA-2CEA5F7587F2}.Debug|Any CPU.Build.0 = Debug|Any CPU
		{BDDCF359-3AF1-4C57-A3AA-2CEA5F7587F2}.Release|Any CPU.ActiveCfg = Release|Any CPU
		{BDDCF359-3AF1-4C57-A3AA-2CEA5F7587F2}.Release|Any CPU.Build.0 = Release|Any CPU
	EndGlobalSection
	GlobalSection(SolutionProperties) = preSolution
		HideSolutionNode = FALSE
	EndGlobalSection
	GlobalSection(ExtensibilityGlobals) = postSolution
		SolutionGuid = {7F9DDBA5-9967-4699-AADF-3B24FCE2AD8C}
	EndGlobalSection
EndGlobal
